
Microsoft Visual Studio Solution File, Format Version 12.00
# Visual Studio Version 17
VisualStudioVersion = 17.3.32929.385
MinimumVisualStudioVersion = 10.0.40219.1
Project("{FAE04EC0-301F-11D3-BF4B-00C04F79EFBC}") = "World.Cup.Simulator", "World.Cup.Simulator\World.Cup.Simulator.csproj", "{A2EA720C-F1AB-4180-99D1-563EDE60CC42}"
EndProject
Global
	GlobalSection(SolutionConfigurationPlatforms) = preSolution
		Debug|Any CPU = Debug|Any CPU
		Release|Any CPU = Release|Any CPU
	EndGlobalSection
	GlobalSection(ProjectConfigurationPlatforms) = postSolution
		{A2EA720C-F1AB-4180-99D1-563EDE60CC42}.Debug|Any CPU.ActiveCfg = Debug|Any CPU
		{A2EA720C-F1AB-4180-99D1-563EDE60CC42}.Debug|Any CPU.Build.0 = Debug|Any CPU
		{A2EA720C-F1AB-4180-99D1-563EDE60CC42}.Release|Any CPU.ActiveCfg = Release|Any CPU
		{A2EA720C-F1AB-4180-99D1-563EDE60CC42}.Release|Any CPU.Build.0 = Release|Any CPU
	EndGlobalSection
	GlobalSection(SolutionProperties) = preSolution
		HideSolutionNode = FALSE
	EndGlobalSection
	GlobalSection(ExtensibilityGlobals) = postSolution
		SolutionGuid = {97D098B8-948C-4C8D-8212-E10CD0639F5A}
	EndGlobalSection
EndGlobal
